
Microsoft Visual Studio Solution File, Format Version 12.00
# Visual Studio Version 17
VisualStudioVersion = 17.4.32916.344
MinimumVisualStudioVersion = 10.0.40219.1
Project("{FAE04EC0-301F-11D3-BF4B-00C04F79EFBC}") = "ZipValidator", "ZipValidator\ZipValidator.csproj", "{C85DF92B-C90C-4147-931D-B2D37457DA47}"
EndProject
Global
	GlobalSection(SolutionConfigurationPlatforms) = preSolution
		Debug|Any CPU = Debug|Any CPU
		Release|Any CPU = Release|Any CPU
	EndGlobalSection
	GlobalSection(ProjectConfigurationPlatforms) = postSolution
		{C85DF92B-C90C-4147-931D-B2D37457DA47}.Debug|Any CPU.ActiveCfg = Debug|Any CPU
		{C85DF92B-C90C-4147-931D-B2D37457DA47}.Debug|Any CPU.Build.0 = Debug|Any CPU
		{C85DF92B-C90C-4147-931D-B2D37457DA47}.Release|Any CPU.ActiveCfg = Release|Any CPU
		{C85DF92B-C90C-4147-931D-B2D37457DA47}.Release|Any CPU.Build.0 = Release|Any CPU
	EndGlobalSection
	GlobalSection(SolutionProperties) = preSolution
		HideSolutionNode = FALSE
	EndGlobalSection
	GlobalSection(ExtensibilityGlobals) = postSolution
		SolutionGuid = {5A1641E2-3267-4FF3-9524-D343C25379CD}
	EndGlobalSection
EndGlobal
